
Microsoft Visual Studio Solution File, Format Version 12.00
# Visual Studio Version 16
VisualStudioVersion = 16.0.28606.126
MinimumVisualStudioVersion = 15.0.26124.0
Project("{2150E333-8FDC-42A3-9474-1A3956D46DE8}") = "Solution Items", "Solution Items", "{6BED0DB4-B0E2-4CF7-BCD8-7E20B1776FDD}"
EndProject
Project("{9A19103F-16F7-4668-BE54-9A1E7A4F7556}") = "Aop.Profiler", "Aop.Profiler\Aop.Profiler.csproj", "{B16E1720-F507-4C7D-B95E-0D24D113C320}"
EndProject
Project("{FAE04EC0-301F-11D3-BF4B-00C04F79EFBC}") = "Aop.Profiler.Unit.Tests", "Aop.Profiler.Unit.Tests\Aop.Profiler.Unit.Tests.csproj", "{8847D68D-C78F-4C62-92CF-E2945E75C43E}"
EndProject
Global
	GlobalSection(SolutionConfigurationPlatforms) = preSolution
		Debug|Any CPU = Debug|Any CPU
		Debug|x64 = Debug|x64
		Debug|x86 = Debug|x86
		Release|Any CPU = Release|Any CPU
		Release|x64 = Release|x64
		Release|x86 = Release|x86
	EndGlobalSection
	GlobalSection(ProjectConfigurationPlatforms) = postSolution
		{B16E1720-F507-4C7D-B95E-0D24D113C320}.Debug|Any CPU.ActiveCfg = Debug|Any CPU
		{B16E1720-F507-4C7D-B95E-0D24D113C320}.Debug|Any CPU.Build.0 = Debug|Any CPU
		{B16E1720-F507-4C7D-B95E-0D24D113C320}.Debug|x64.ActiveCfg = Debug|Any CPU
		{B16E1720-F507-4C7D-B95E-0D24D113C320}.Debug|x64.Build.0 = Debug|Any CPU
		{B16E1720-F507-4C7D-B95E-0D24D113C320}.Debug|x86.ActiveCfg = Debug|Any CPU
		{B16E1720-F507-4C7D-B95E-0D24D113C320}.Debug|x86.Build.0 = Debug|Any CPU
		{B16E1720-F507-4C7D-B95E-0D24D113C320}.Release|Any CPU.ActiveCfg = Release|Any CPU
		{B16E1720-F507-4C7D-B95E-0D24D113C320}.Release|Any CPU.Build.0 = Release|Any CPU
		{B16E1720-F507-4C7D-B95E-0D24D113C320}.Release|x64.ActiveCfg = Release|Any CPU
		{B16E1720-F507-4C7D-B95E-0D24D113C320}.Release|x64.Build.0 = Release|Any CPU
		{B16E1720-F507-4C7D-B95E-0D24D113C320}.Release|x86.ActiveCfg = Release|Any CPU
		{B16E1720-F507-4C7D-B95E-0D24D113C320}.Release|x86.Build.0 = Release|Any CPU
		{8847D68D-C78F-4C62-92CF-E2945E75C43E}.Debug|Any CPU.ActiveCfg = Debug|Any CPU
		{8847D68D-C78F-4C62-92CF-E2945E75C43E}.Debug|Any CPU.Build.0 = Debug|Any CPU
		{8847D68D-C78F-4C62-92CF-E2945E75C43E}.Debug|x64.ActiveCfg = Debug|Any CPU
		{8847D68D-C78F-4C62-92CF-E2945E75C43E}.Debug|x64.Build.0 = Debug|Any CPU
		{8847D68D-C78F-4C62-92CF-E2945E75C43E}.Debug|x86.ActiveCfg = Debug|Any CPU
		{8847D68D-C78F-4C62-92CF-E2945E75C43E}.Debug|x86.Build.0 = Debug|Any CPU
		{8847D68D-C78F-4C62-92CF-E2945E75C43E}.Release|Any CPU.ActiveCfg = Release|Any CPU
		{8847D68D-C78F-4C62-92CF-E2945E75C43E}.Release|Any CPU.Build.0 = Release|Any CPU
		{8847D68D-C78F-4C62-92CF-E2945E75C43E}.Release|x64.ActiveCfg = Release|Any CPU
		{8847D68D-C78F-4C62-92CF-E2945E75C43E}.Release|x64.Build.0 = Release|Any CPU
		{8847D68D-C78F-4C62-92CF-E2945E75C43E}.Release|x86.ActiveCfg = Release|Any CPU
		{8847D68D-C78F-4C62-92CF-E2945E75C43E}.Release|x86.Build.0 = Release|Any CPU
	EndGlobalSection
	GlobalSection(SolutionProperties) = preSolution
		HideSolutionNode = FALSE
	EndGlobalSection
	GlobalSection(ExtensibilityGlobals) = postSolution
		SolutionGuid = {B8CD7738-8FDC-4CB9-AB1E-84FD50DD5CF0}
	EndGlobalSection
EndGlobal
